# THIS IS AN AUTOGENERATED FILE. DO NOT EDIT THIS FILE DIRECTLY.
# yarn lockfile v1


"@babel/helper-module-imports@7.0.0-beta.35":
  version "7.0.0-beta.35"
  resolved "https://registry.nlark.com/@babel/helper-module-imports/download/@babel/helper-module-imports-7.0.0-beta.35.tgz#308e350e731752cdb4d0f058df1d704925c64e0a"
  integrity sha1-MI41DnMXUs200PBY3x1wSSXGTgo=
  dependencies:
    "@babel/types" "7.0.0-beta.35"
    lodash "^4.2.0"

"@babel/runtime-corejs3@^7.9.6":
  version "7.14.7"
  resolved "https://registry.nlark.com/@babel/runtime-corejs3/download/@babel/runtime-corejs3-7.14.7.tgz#0ef292bbce40ca00f874c9724ef175a12476465c"
  integrity sha1-DvKSu85AygD4dMlyTvF1oSR2Rlw=
  dependencies:
    core-js-pure "^3.15.0"
    regenerator-runtime "^0.13.4"

"@babel/types@7.0.0-beta.35":
  version "7.0.0-beta.35"
  resolved "https://registry.nlark.com/@babel/types/download/@babel/types-7.0.0-beta.35.tgz#cf933a9a9a38484ca724b335b88d83726d5ab960"
  integrity sha1-z5M6mpo4SEynJLM1uI2Dcm1auWA=
  dependencies:
    esutils "^2.0.2"
    lodash "^4.2.0"
    to-fast-properties "^2.0.0"

"@types/raf@^3.4.0":
  version "3.4.0"
  resolved "https://registry.nlark.com/@types/raf/download/@types/raf-3.4.0.tgz?cache=0&sync_timestamp=1621242272736&other_urls=https%3A%2F%2Fregistry.nlark.com%2F%40types%2Fraf%2Fdownload%2F%40types%2Fraf-3.4.0.tgz#2b72cbd55405e071f1c4d29992638e022b20acc2"
  integrity sha1-K3LL1VQF4HHxxNKZkmOOAisgrMI=

atob@^2.1.2:
  version "2.1.2"
  resolved "https://registry.nlark.com/atob/download/atob-2.1.2.tgz#6d9517eb9e030d2436666651e86bd9f6f13533c9"
  integrity sha1-bZUX654DDSQ2ZmZR6GvZ9vE1M8k=

babel-plugin-component@^1.1.1:
  version "1.1.1"
  resolved "https://registry.npm.taobao.org/babel-plugin-component/download/babel-plugin-component-1.1.1.tgz#9b023a23ff5c9aae0fd56c5a18b9cab8c4d45eea"
  integrity sha1-mwI6I/9cmq4P1WxaGLnKuMTUXuo=
  dependencies:
    "@babel/helper-module-imports" "7.0.0-beta.35"

base64-arraybuffer@^0.2.0:
  version "0.2.0"
  resolved "https://registry.npm.taobao.org/base64-arraybuffer/download/base64-arraybuffer-0.2.0.tgz#4b944fac0191aa5907afe2d8c999ccc57ce80f45"
  integrity sha1-S5RPrAGRqlkHr+LYyZnMxXzoD0U=

btoa@^1.2.1:
  version "1.2.1"
  resolved "https://registry.npm.taobao.org/btoa/download/btoa-1.2.1.tgz#01a9909f8b2c93f6bf680ba26131eb30f7fa3d73"
  integrity sha1-AamQn4ssk/a/aAuiYTHrMPf6PXM=

canvg@^3.0.6:
  version "3.0.7"
  resolved "https://registry.npm.taobao.org/canvg/download/canvg-3.0.7.tgz?cache=0&other_urls=https%3A%2F%2Fregistry.npm.taobao.org%2Fcanvg%2Fdownload%2Fcanvg-3.0.7.tgz#e45b87a64116af906917f7cad57d370ea372d682"
  integrity sha1-5FuHpkEWr5BpF/fK1X03DqNy1oI=
  dependencies:
    "@babel/runtime-corejs3" "^7.9.6"
    "@types/raf" "^3.4.0"
    raf "^3.4.1"
    rgbcolor "^1.0.1"
    stackblur-canvas "^2.0.0"
    svg-pathdata "^5.0.5"

clipboard@^2.0.0:
  version "2.0.8"
  resolved "https://registry.nlark.com/clipboard/download/clipboard-2.0.8.tgz#ffc6c103dd2967a83005f3f61976aa4655a4cdba"
  integrity sha1-/8bBA90pZ6gwBfP2GXaqRlWkzbo=
  dependencies:
    good-listener "^1.2.2"
    select "^1.1.2"
    tiny-emitter "^2.0.0"

core-js-pure@^3.15.0:
  version "3.15.2"
  resolved "https://registry.nlark.com/core-js-pure/download/core-js-pure-3.15.2.tgz#c8e0874822705f3385d3197af9348f7c9ae2e3ce"
  integrity sha1-yOCHSCJwXzOF0xl6+TSPfJri484=

core-js@^3.6.0:
  version "3.15.2"
  resolved "https://registry.nlark.com/core-js/download/core-js-3.15.2.tgz?cache=0&sync_timestamp=1624966012065&other_urls=https%3A%2F%2Fregistry.nlark.com%2Fcore-js%2Fdownload%2Fcore-js-3.15.2.tgz#740660d2ff55ef34ce664d7e2455119c5bdd3d61"
  integrity sha1-dAZg0v9V7zTOZk1+JFURnFvdPWE=

css-line-break@1.1.1:
  version "1.1.1"
  resolved "https://registry.nlark.com/css-line-break/download/css-line-break-1.1.1.tgz?cache=0&sync_timestamp=1625380887486&other_urls=https%3A%2F%2Fregistry.nlark.com%2Fcss-line-break%2Fdownload%2Fcss-line-break-1.1.1.tgz#d5e9bdd297840099eb0503c7310fd34927a026ef"
  integrity sha1-1em90peEAJnrBQPHMQ/TSSegJu8=
  dependencies:
    base64-arraybuffer "^0.2.0"

delegate@^3.1.2:
  version "3.2.0"
  resolved "https://registry.nlark.com/delegate/download/delegate-3.2.0.tgz#b66b71c3158522e8ab5744f720d8ca0c2af59166"
  integrity sha1-tmtxwxWFIuirV0T3INjKDCr1kWY=

dompurify@^2.2.0:
  version "2.3.0"
  resolved "https://registry.nlark.com/dompurify/download/dompurify-2.3.0.tgz#07bb39515e491588e5756b1d3e8375b5964814e2"
  integrity sha1-B7s5UV5JFYjldWsdPoN1tZZIFOI=

esutils@^2.0.2:
  version "2.0.3"
  resolved "https://registry.npm.taobao.org/esutils/download/esutils-2.0.3.tgz#74d2eb4de0b8da1293711910d50775b9b710ef64"
  integrity sha1-dNLrTeC42hKTcRkQ1Qd1ubcQ72Q=

fflate@^0.4.8:
  version "0.4.8"
  resolved "https://registry.nlark.com/fflate/download/fflate-0.4.8.tgz#f90b82aefbd8ac174213abb338bd7ef848f0f5ae"
  integrity sha1-+QuCrvvYrBdCE6uzOL1++Ejw9a4=

good-listener@^1.2.2:
  version "1.2.2"
  resolved "https://registry.nlark.com/good-listener/download/good-listener-1.2.2.tgz#d53b30cdf9313dffb7dc9a0d477096aa6d145c50"
  integrity sha1-1TswzfkxPf+33JoNR3CWqm0UXFA=
  dependencies:
    delegate "^3.1.2"

html2canvas@^1.0.0-rc.5:
  version "1.1.2"
  resolved "https://registry.nlark.com/html2canvas/download/html2canvas-1.1.2.tgz?cache=0&sync_timestamp=1626188635300&other_urls=https%3A%2F%2Fregistry.nlark.com%2Fhtml2canvas%2Fdownload%2Fhtml2canvas-1.1.2.tgz#a0a93cb8289fb27291418bb2a88b6a2fe1fc5e47"
  integrity sha1-oKk8uCifsnKRQYuyqItqL+H8Xkc=
  dependencies:
    css-line-break "1.1.1"

jspdf@^2.3.1:
  version "2.3.1"
  resolved "https://registry.npm.taobao.org/jspdf/download/jspdf-2.3.1.tgz#313d117234b546469694a1fd81a1e02411647576"
  integrity sha1-MT0RcjS1RkaWlKH9gaHgJBFkdXY=
  dependencies:
    atob "^2.1.2"
    btoa "^1.2.1"
    fflate "^0.4.8"
  optionalDependencies:
    canvg "^3.0.6"
    core-js "^3.6.0"
    dompurify "^2.2.0"
    html2canvas "^1.0.0-rc.5"

jweixin-module@^1.6.0:
  version "1.6.0"
  resolved "https://registry.npm.taobao.org/jweixin-module/download/jweixin-module-1.6.0.tgz#4a7ea614083e3c9c3f49e2fdc2bb882cfa58dfcd"
  integrity sha1-Sn6mFAg+PJw/SeL9wruILPpY380=

lodash@^4.2.0:
  version "4.17.21"
  resolved "https://registry.nlark.com/lodash/download/lodash-4.17.21.tgz?cache=0&sync_timestamp=1618847150612&other_urls=https%3A%2F%2Fregistry.nlark.com%2Flodash%2Fdownload%2Flodash-4.17.21.tgz#679591c564c3bffaae8454cf0b3df370c3d6911c"
  integrity sha1-Z5WRxWTDv/quhFTPCz3zcMPWkRw=

performance-now@^2.1.0:
  version "2.1.0"
  resolved "https://registry.nlark.com/performance-now/download/performance-now-2.1.0.tgz#6309f4e0e5fa913ec1c69307ae364b4b377c9e7b"
  integrity sha1-Ywn04OX6kT7BxpMHrjZLSzd8nns=

raf@^3.4.1:
  version "3.4.1"
  resolved "https://registry.npm.taobao.org/raf/download/raf-3.4.1.tgz#0742e99a4a6552f445d73e3ee0328af0ff1ede39"
  integrity sha1-B0LpmkplUvRF1z4+4DKK8P8e3jk=
  dependencies:
    performance-now "^2.1.0"

regenerator-runtime@^0.13.4:
  version "0.13.7"
  resolved "https://registry.nlark.com/regenerator-runtime/download/regenerator-runtime-0.13.7.tgz#cac2dacc8a1ea675feaabaeb8ae833898ae46f55"
  integrity sha1-ysLazIoepnX+qrrriugziYrkb1U=

rgbcolor@^1.0.1:
  version "1.0.1"
  resolved "https://registry.npm.taobao.org/rgbcolor/download/rgbcolor-1.0.1.tgz#d6505ecdb304a6595da26fa4b43307306775945d"
  integrity sha1-1lBezbMEplldom+ktDMHMGd1lF0=

select@^1.1.2:
  version "1.1.2"
  resolved "https://registry.nlark.com/select/download/select-1.1.2.tgz#0e7350acdec80b1108528786ec1d4418d11b396d"
  integrity sha1-DnNQrN7ICxEIUoeG7B1EGNEbOW0=

stackblur-canvas@^2.0.0:
  version "2.5.0"
  resolved "https://registry.npm.taobao.org/stackblur-canvas/download/stackblur-canvas-2.5.0.tgz#aa87bbed1560fdcd3138fff344fc6a1c413ebac4"
  integrity sha1-qoe77RVg/c0xOP/zRPxqHEE+usQ=

svg-pathdata@^5.0.5:
  version "5.0.5"
  resolved "https://registry.npm.taobao.org/svg-pathdata/download/svg-pathdata-5.0.5.tgz?cache=0&sync_timestamp=1617357042076&other_urls=https%3A%2F%2Fregistry.npm.taobao.org%2Fsvg-pathdata%2Fdownload%2Fsvg-pathdata-5.0.5.tgz#65e8d765642ba15fe15434444087d082bc526b29"
  integrity sha1-ZejXZWQroV/hVDREQIfQgrxSayk=

tiny-emitter@^2.0.0:
  version "2.1.0"
  resolved "https://registry.npm.taobao.org/tiny-emitter/download/tiny-emitter-2.1.0.tgz#1d1a56edfc51c43e863cbb5382a72330e3555423"
  integrity sha1-HRpW7fxRxD6GPLtTgqcjMONVVCM=

to-fast-properties@^2.0.0:
  version "2.0.0"
  resolved "https://registry.npm.taobao.org/to-fast-properties/download/to-fast-properties-2.0.0.tgz#dc5e698cbd079265bc73e0377681a4e4e83f616e"
  integrity sha1-3F5pjL0HkmW8c+A3doGk5Og/YW4=

vue-clipboard2@^0.3.1:
  version "0.3.1"
  resolved "https://registry.npm.taobao.org/vue-clipboard2/download/vue-clipboard2-0.3.1.tgz#6e551fb7bd384889b28b0da3b12289ed6bca4894"
  integrity sha1-blUft704SImyiw2jsSKJ7WvKSJQ=
  dependencies:
    clipboard "^2.0.0"
